// !$*UTF8*$!
{
	archiveVersion = 1;
	classes = {
	};
	objectVersion = 52;
	objects = {

/* Begin PBXBuildFile section */
		FB12B4A9245C6A3E00B45ABF /* SwiftSoup in Frameworks */ = {isa = PBXBuildFile; productRef = FB12B4A8245C6A3E00B45ABF /* SwiftSoup */; };
		FB12B4AB245C6B5800B45ABF /* ParkHouseFrameView.swift in Sources */ = {isa = PBXBuildFile; fileRef = FB12B4AA245C6B5800B45ABF /* ParkHouseFrameView.swift */; };
		FB12B4AE245C6BDC00B45ABF /* WebScraper.swift in Sources */ = {isa = PBXBuildFile; fileRef = FB12B4AD245C6BDC00B45ABF /* WebScraper.swift */; };
		FB12B4B1245C6C5200B45ABF /* ParkHouse.swift in Sources */ = {isa = PBXBuildFile; fileRef = FB12B4B0245C6C5200B45ABF /* ParkHouse.swift */; };
		FB19DB6A245ED593009EE875 /* ParkHouseDetailView.swift in Sources */ = {isa = PBXBuildFile; fileRef = FB19DB69245ED593009EE875 /* ParkHouseDetailView.swift */; };
		FB19DB6C245EDAAF009EE875 /* ImageDownloader.swift in Sources */ = {isa = PBXBuildFile; fileRef = FB19DB6B245EDAAF009EE875 /* ImageDownloader.swift */; };
		FBB58174245C679900696A5F /* AppDelegate.swift in Sources */ = {isa = PBXBuildFile; fileRef = FBB58173245C679900696A5F /* AppDelegate.swift */; };
		FBB58176245C679900696A5F /* SceneDelegate.swift in Sources */ = {isa = PBXBuildFile; fileRef = FBB58175245C679900696A5F /* SceneDelegate.swift */; };
		FBB58179245C679900696A5F /* Parkovaci_domy_SwiftUI.xcdatamodeld in Sources */ = {isa = PBXBuildFile; fileRef = FBB58177245C679900696A5F /* Parkovaci_domy_SwiftUI.xcdatamodeld */; };
		FBB5817B245C679900696A5F /* ContentView.swift in Sources */ = {isa = PBXBuildFile; fileRef = FBB5817A245C679900696A5F /* ContentView.swift */; };
		FBB5817D245C679B00696A5F /* Assets.xcassets in Resources */ = {isa = PBXBuildFile; fileRef = FBB5817C245C679B00696A5F /* Assets.xcassets */; };
		FBB58180245C679B00696A5F /* Preview Assets.xcassets in Resources */ = {isa = PBXBuildFile; fileRef = FBB5817F245C679B00696A5F /* Preview Assets.xcassets */; };
		FBB58183245C679B00696A5F /* LaunchScreen.storyboard in Resources */ = {isa = PBXBuildFile; fileRef = FBB58181245C679B00696A5F /* LaunchScreen.storyboard */; };
/* End PBXBuildFile section */

/* Begin PBXFileReference section */
		FB12B4AA245C6B5800B45ABF /* ParkHouseFrameView.swift */ = {isa = PBXFileReference; lastKnownFileType = sourcecode.swift; path = ParkHouseFrameView.swift; sourceTree = "<group>"; };
		FB12B4AD245C6BDC00B45ABF /* WebScraper.swift */ = {isa = PBXFileReference; lastKnownFileType = sourcecode.swift; path = WebScraper.swift; sourceTree = "<group>"; };
		FB12B4B0245C6C5200B45ABF /* ParkHouse.swift */ = {isa = PBXFileReference; lastKnownFileType = sourcecode.swift; path = ParkHouse.swift; sourceTree = "<group>"; };
		FB19DB69245ED593009EE875 /* ParkHouseDetailView.swift */ = {isa = PBXFileReference; lastKnownFileType = sourcecode.swift; path = ParkHouseDetailView.swift; sourceTree = "<group>"; };
		FB19DB6B245EDAAF009EE875 /* ImageDownloader.swift */ = {isa = PBXFileReference; lastKnownFileType = sourcecode.swift; path = ImageDownloader.swift; sourceTree = "<group>"; };
		FBB58170245C679900696A5F /* Parkovaci_domy_SwiftUI.app */ = {isa = PBXFileReference; explicitFileType = wrapper.application; includeInIndex = 0; path = Parkovaci_domy_SwiftUI.app; sourceTree = BUILT_PRODUCTS_DIR; };
		FBB58173245C679900696A5F /* AppDelegate.swift */ = {isa = PBXFileReference; lastKnownFileType = sourcecode.swift; path = AppDelegate.swift; sourceTree = "<group>"; };
		FBB58175245C679900696A5F /* SceneDelegate.swift */ = {isa = PBXFileReference; lastKnownFileType = sourcecode.swift; path = SceneDelegate.swift; sourceTree = "<group>"; };
		FBB58178245C679900696A5F /* Parkovaci_domy_SwiftUI.xcdatamodel */ = {isa = PBXFileReference; lastKnownFileType = wrapper.xcdatamodel; path = Parkovaci_domy_SwiftUI.xcdatamodel; sourceTree = "<group>"; };
		FBB5817A245C679900696A5F /* ContentView.swift */ = {isa = PBXFileReference; lastKnownFileType = sourcecode.swift; path = ContentView.swift; sourceTree = "<group>"; };
		FBB5817C245C679B00696A5F /* Assets.xcassets */ = {isa = PBXFileReference; lastKnownFileType = folder.assetcatalog; path = Assets.xcassets; sourceTree = "<group>"; };
		FBB5817F245C679B00696A5F /* Preview Assets.xcassets */ = {isa = PBXFileReference; lastKnownFileType = folder.assetcatalog; path = "Preview Assets.xcassets"; sourceTree = "<group>"; };
		FBB58182245C679B00696A5F /* Base */ = {isa = PBXFileReference; lastKnownFileType = file.storyboard; name = Base; path = Base.lproj/LaunchScreen.storyboard; sourceTree = "<group>"; };
		FBB58184245C679B00696A5F /* Info.plist */ = {isa = PBXFileReference; lastKnownFileType = text.plist.xml; path = Info.plist; sourceTree = "<group>"; };
/* End PBXFileReference section */

/* Begin PBXFrameworksBuildPhase section */
		FBB5816D245C679900696A5F /* Frameworks */ = {
			isa = PBXFrameworksBuildPhase;
			buildActionMask = 2147483647;
			files = (
				FB12B4A9245C6A3E00B45ABF /* SwiftSoup in Frameworks */,
			);
			runOnlyForDeploymentPostprocessing = 0;
		};
/* End PBXFrameworksBuildPhase section */

/* Begin PBXGroup section */
		FB12B4AC245C6BC900B45ABF /* Services */ = {
			isa = PBXGroup;
			children = (
				FB12B4AD245C6BDC00B45ABF /* WebScraper.swift */,
				FB19DB6B245EDAAF009EE875 /* ImageDownloader.swift */,
			);
			path = Services;
			sourceTree = "<group>";
		};
		FB12B4AF245C6C3D00B45ABF /* Model */ = {
			isa = PBXGroup;
			children = (
				FB12B4B0245C6C5200B45ABF /* ParkHouse.swift */,
			);
			path = Model;
			sourceTree = "<group>";
		};
		FB19DB6F245F0711009EE875 /* Views */ = {
			isa = PBXGroup;
			children = (
				FBB5817A245C679900696A5F /* ContentView.swift */,
				FB12B4AA245C6B5800B45ABF /* ParkHouseFrameView.swift */,
				FB19DB69245ED593009EE875 /* ParkHouseDetailView.swift */,
			);
			path = Views;
			sourceTree = "<group>";
		};
		FBB58167245C679900696A5F = {
			isa = PBXGroup;
			children = (
				FBB58172245C679900696A5F /* Parkovaci_domy_SwiftUI */,
				FBB58171245C679900696A5F /* Products */,
			);
			sourceTree = "<group>";
		};
		FBB58171245C679900696A5F /* Products */ = {
			isa = PBXGroup;
			children = (
				FBB58170245C679900696A5F /* Parkovaci_domy_SwiftUI.app */,
			);
			name = Products;
			sourceTree = "<group>";
		};
		FBB58172245C679900696A5F /* Parkovaci_domy_SwiftUI */ = {
			isa = PBXGroup;
			children = (
				FB12B4AF245C6C3D00B45ABF /* Model */,
				FB19DB6F245F0711009EE875 /* Views */,
				FB12B4AC245C6BC900B45ABF /* Services */,
				FBB58173245C679900696A5F /* AppDelegate.swift */,
				FBB58175245C679900696A5F /* SceneDelegate.swift */,
				FBB5817C245C679B00696A5F /* Assets.xcassets */,
				FBB58181245C679B00696A5F /* LaunchScreen.storyboard */,
				FBB58184245C679B00696A5F /* Info.plist */,
				FBB58177245C679900696A5F /* Parkovaci_domy_SwiftUI.xcdatamodeld */,
				FBB5817E245C679B00696A5F /* Preview Content */,
			);
			path = Parkovaci_domy_SwiftUI;
			sourceTree = "<group>";
		};
		FBB5817E245C679B00696A5F /* Preview Content */ = {
			isa = PBXGroup;
			children = (
				FBB5817F245C679B00696A5F /* Preview Assets.xcassets */,
			);
			path = "Preview Content";
			sourceTree = "<group>";
		};
/* End PBXGroup section */

/* Begin PBXNativeTarget section */
		FBB5816F245C679900696A5F /* Parkovaci_domy_SwiftUI */ = {
			isa = PBXNativeTarget;
			buildConfigurationList = FBB58187245C679B00696A5F /* Build configuration list for PBXNativeTarget "Parkovaci_domy_SwiftUI" */;
			buildPhases = (
				FBB5816C245C679900696A5F /* Sources */,
				FBB5816D245C679900696A5F /* Frameworks */,
				FBB5816E245C679900696A5F /* Resources */,
			);
			buildRules = (
			);
			dependencies = (
			);
			name = Parkovaci_domy_SwiftUI;
			packageProductDependencies = (
				FB12B4A8245C6A3E00B45ABF /* SwiftSoup */,
			);
			productName = Parkovaci_domy_SwiftUI;
			productReference = FBB58170245C679900696A5F /* Parkovaci_domy_SwiftUI.app */;
			productType = "com.apple.product-type.application";
		};
/* End PBXNativeTarget section */

/* Begin PBXProject section */
		FBB58168245C679900696A5F /* Project object */ = {
			isa = PBXProject;
			attributes = {
				LastSwiftUpdateCheck = 1140;
				LastUpgradeCheck = 1140;
				ORGANIZATIONNAME = "Jan Menšík";
				TargetAttributes = {
					FBB5816F245C679900696A5F = {
						CreatedOnToolsVersion = 11.4;
					};
				};
			};
			buildConfigurationList = FBB5816B245C679900696A5F /* Build configuration list for PBXProject "Parkovaci_domy_SwiftUI" */;
			compatibilityVersion = "Xcode 9.3";
			developmentRegion = en;
			hasScannedForEncodings = 0;
			knownRegions = (
				en,
				Base,
			);
			mainGroup = FBB58167245C679900696A5F;
			packageReferences = (
				FB12B4A7245C6A3E00B45ABF /* XCRemoteSwiftPackageReference "SwiftSoup" */,
			);
			productRefGroup = FBB58171245C679900696A5F /* Products */;
			projectDirPath = "";
			projectRoot = "";
			targets = (
				FBB5816F245C679900696A5F /* Parkovaci_domy_SwiftUI */,
			);
		};
/* End PBXProject section */

/* Begin PBXResourcesBuildPhase section */
		FBB5816E245C679900696A5F /* Resources */ = {
			isa = PBXResourcesBuildPhase;
			buildActionMask = 2147483647;
			files = (
				FBB58183245C679B00696A5F /* LaunchScreen.storyboard in Resources */,
				FBB58180245C679B00696A5F /* Preview Assets.xcassets in Resources */,
				FBB5817D245C679B00696A5F /* Assets.xcassets in Resources */,
			);
			runOnlyForDeploymentPostprocessing = 0;
		};
/* End PBXResourcesBuildPhase section */

/* Begin PBXSourcesBuildPhase section */
		FBB5816C245C679900696A5F /* Sources */ = {
			isa = PBXSourcesBuildPhase;
			buildActionMask = 2147483647;
			files = (
				FBB58174245C679900696A5F /* AppDelegate.swift in Sources */,
				FB12B4B1245C6C5200B45ABF /* ParkHouse.swift in Sources */,
				FBB58179245C679900696A5F /* Parkovaci_domy_SwiftUI.xcdatamodeld in Sources */,
				FBB5817B245C679900696A5F /* ContentView.swift in Sources */,
				FB19DB6A245ED593009EE875 /* ParkHouseDetailView.swift in Sources */,
				FB12B4AB245C6B5800B45ABF /* ParkHouseFrameView.swift in Sources */,
				FBB58176245C679900696A5F /* SceneDelegate.swift in Sources */,
				FB19DB6C245EDAAF009EE875 /* ImageDownloader.swift in Sources */,
				FB12B4AE245C6BDC00B45ABF /* WebScraper.swift in Sources */,
			);
			runOnlyForDeploymentPostprocessing = 0;
		};
/* End PBXSourcesBuildPhase section */

/* Begin PBXVariantGroup section */
		FBB58181245C679B00696A5F /* LaunchScreen.storyboard */ = {
			isa = PBXVariantGroup;
			children = (
				FBB58182245C679B00696A5F /* Base */,
			);
			name = LaunchScreen.storyboard;
			sourceTree = "<group>";
		};
/* End PBXVariantGroup section */

/* Begin XCBuildConfiguration section */
		FBB58185245C679B00696A5F /* Debug */ = {
			isa = XCBuildConfiguration;
			buildSettings = {
				ALWAYS_SEARCH_USER_PATHS = NO;
				CLANG_ANALYZER_NONNULL = YES;
				CLANG_ANALYZER_NUMBER_OBJECT_CONVERSION = YES_AGGRESSIVE;
				CLANG_CXX_LANGUAGE_STANDARD = "gnu++14";
				CLANG_CXX_LIBRARY = "libc++";
				CLANG_ENABLE_MODULES = YES;
				CLANG_ENABLE_OBJC_ARC = YES;
				CLANG_ENABLE_OBJC_WEAK = YES;
				CLANG_WARN_BLOCK_CAPTURE_AUTORELEASING = YES;
				CLANG_WARN_BOOL_CONVERSION = YES;
				CLANG_WARN_COMMA = YES;
				CLANG_WARN_CONSTANT_CONVERSION = YES;
				CLANG_WARN_DEPRECATED_OBJC_IMPLEMENTATIONS = YES;
				CLANG_WARN_DIRECT_OBJC_ISA_USAGE = YES_ERROR;
				CLANG_WARN_DOCUMENTATION_COMMENTS = YES;
				CLANG_WARN_EMPTY_BODY = YES;
				CLANG_WARN_ENUM_CONVERSION = YES;
				CLANG_WARN_INFINITE_RECURSION = YES;
				CLANG_WARN_INT_CONVERSION = YES;
				CLANG_WARN_NON_LITERAL_NULL_CONVERSION = YES;
				CLANG_WARN_OBJC_IMPLICIT_RETAIN_SELF = YES;
				CLANG_WARN_OBJC_LITERAL_CONVERSION = YES;
				CLANG_WARN_OBJC_ROOT_CLASS = YES_ERROR;
				CLANG_WARN_RANGE_LOOP_ANALYSIS = YES;
				CLANG_WARN_STRICT_PROTOTYPES = YES;
				CLANG_WARN_SUSPICIOUS_MOVE = YES;
				CLANG_WARN_UNGUARDED_AVAILABILITY = YES_AGGRESSIVE;
				CLANG_WARN_UNREACHABLE_CODE = YES;
				CLANG_WARN__DUPLICATE_METHOD_MATCH = YES;
				COPY_PHASE_STRIP = NO;
				DEBUG_INFORMATION_FORMAT = dwarf;
				ENABLE_STRICT_OBJC_MSGSEND = YES;
				ENABLE_TESTABILITY = YES;
				GCC_C_LANGUAGE_STANDARD = gnu11;
				GCC_DYNAMIC_NO_PIC = NO;
				GCC_NO_COMMON_BLOCKS = YES;
				GCC_OPTIMIZATION_LEVEL = 0;
				GCC_PREPROCESSOR_DEFINITIONS = (
					"DEBUG=1",
					"$(inherited)",
				);
				GCC_WARN_64_TO_32_BIT_CONVERSION = YES;
				GCC_WARN_ABOUT_RETURN_TYPE = YES_ERROR;
				GCC_WARN_UNDECLARED_SELECTOR = YES;
				GCC_WARN_UNINITIALIZED_AUTOS = YES_AGGRESSIVE;
				GCC_WARN_UNUSED_FUNCTION = YES;
				GCC_WARN_UNUSED_VARIABLE = YES;
				IPHONEOS_DEPLOYMENT_TARGET = 13.4;
				MTL_ENABLE_DEBUG_INFO = INCLUDE_SOURCE;
				MTL_FAST_MATH = YES;
				ONLY_ACTIVE_ARCH = YES;
				SDKROOT = iphoneos;
				SWIFT_ACTIVE_COMPILATION_CONDITIONS = DEBUG;
				SWIFT_OPTIMIZATION_LEVEL = "-Onone";
			};
			name = Debug;
		};
		FBB58186245C679B00696A5F /* Release */ = {
			isa = XCBuildConfiguration;
			buildSettings = {
				ALWAYS_SEARCH_USER_PATHS = NO;
				CLANG_ANALYZER_NONNULL = YES;
				CLANG_ANALYZER_NUMBER_OBJECT_CONVERSION = YES_AGGRESSIVE;
				CLANG_CXX_LANGUAGE_STANDARD = "gnu++14";
				CLANG_CXX_LIBRARY = "libc++";
				CLANG_ENABLE_MODULES = YES;
				CLANG_ENABLE_OBJC_ARC = YES;
				CLANG_ENABLE_OBJC_WEAK = YES;
				CLANG_WARN_BLOCK_CAPTURE_AUTORELEASING = YES;
				CLANG_WARN_BOOL_CONVERSION = YES;
				CLANG_WARN_COMMA = YES;
				CLANG_WARN_CONSTANT_CONVERSION = YES;
				CLANG_WARN_DEPRECATED_OBJC_IMPLEMENTATIONS = YES;
				CLANG_WARN_DIRECT_OBJC_ISA_USAGE = YES_ERROR;
				CLANG_WARN_DOCUMENTATION_COMMENTS = YES;
				CLANG_WARN_EMPTY_BODY = YES;
				CLANG_WARN_ENUM_CONVERSION = YES;
				CLANG_WARN_INFINITE_RECURSION = YES;
				CLANG_WARN_INT_CONVERSION = YES;
				CLANG_WARN_NON_LITERAL_NULL_CONVERSION = YES;
				CLANG_WARN_OBJC_IMPLICIT_RETAIN_SELF = YES;
				CLANG_WARN_OBJC_LITERAL_CONVERSION = YES;
				CLANG_WARN_OBJC_ROOT_CLASS = YES_ERROR;
				CLANG_WARN_RANGE_LOOP_ANALYSIS = YES;
				CLANG_WARN_STRICT_PROTOTYPES = YES;
				CLANG_WARN_SUSPICIOUS_MOVE = YES;
				CLANG_WARN_UNGUARDED_AVAILABILITY = YES_AGGRESSIVE;
				CLANG_WARN_UNREACHABLE_CODE = YES;
				CLANG_WARN__DUPLICATE_METHOD_MATCH = YES;
				COPY_PHASE_STRIP = NO;
				DEBUG_INFORMATION_FORMAT = "dwarf-with-dsym";
				ENABLE_NS_ASSERTIONS = NO;
				ENABLE_STRICT_OBJC_MSGSEND = YES;
				GCC_C_LANGUAGE_STANDARD = gnu11;
				GCC_NO_COMMON_BLOCKS = YES;
				GCC_WARN_64_TO_32_BIT_CONVERSION = YES;
				GCC_WARN_ABOUT_RETURN_TYPE = YES_ERROR;
				GCC_WARN_UNDECLARED_SELECTOR = YES;
				GCC_WARN_UNINITIALIZED_AUTOS = YES_AGGRESSIVE;
				GCC_WARN_UNUSED_FUNCTION = YES;
				GCC_WARN_UNUSED_VARIABLE = YES;
				IPHONEOS_DEPLOYMENT_TARGET = 13.4;
				MTL_ENABLE_DEBUG_INFO = NO;
				MTL_FAST_MATH = YES;
				SDKROOT = iphoneos;
				SWIFT_COMPILATION_MODE = wholemodule;
				SWIFT_OPTIMIZATION_LEVEL = "-O";
				VALIDATE_PRODUCT = YES;
			};
			name = Release;
		};
		FBB58188245C679B00696A5F /* Debug */ = {
			isa = XCBuildConfiguration;
			buildSettings = {
				ASSETCATALOG_COMPILER_APPICON_NAME = AppIcon;
				CODE_SIGN_STYLE = Automatic;
				DEVELOPMENT_ASSET_PATHS = "\"Parkovaci_domy_SwiftUI/Preview Content\"";
				DEVELOPMENT_TEAM = BG84NHF336;
				ENABLE_PREVIEWS = YES;
				INFOPLIST_FILE = Parkovaci_domy_SwiftUI/Info.plist;
				LD_RUNPATH_SEARCH_PATHS = (
					"$(inherited)",
					"@executable_path/Frameworks",
				);
				PRODUCT_BUNDLE_IDENTIFIER = "personal.Parkovaci-domy-SwiftUI";
				PRODUCT_NAME = "$(TARGET_NAME)";
				SWIFT_VERSION = 5.0;
				TARGETED_DEVICE_FAMILY = "1,2";
			};
			name = Debug;
		};
		FBB58189245C679B00696A5F /* Release */ = {
			isa = XCBuildConfiguration;
			buildSettings = {
				ASSETCATALOG_COMPILER_APPICON_NAME = AppIcon;
				CODE_SIGN_STYLE = Automatic;
				DEVELOPMENT_ASSET_PATHS = "\"Parkovaci_domy_SwiftUI/Preview Content\"";
				DEVELOPMENT_TEAM = BG84NHF336;
				ENABLE_PREVIEWS = YES;
				INFOPLIST_FILE = Parkovaci_domy_SwiftUI/Info.plist;
				LD_RUNPATH_SEARCH_PATHS = (
					"$(inherited)",
					"@executable_path/Frameworks",
				);
				PRODUCT_BUNDLE_IDENTIFIER = "personal.Parkovaci-domy-SwiftUI";
				PRODUCT_NAME = "$(TARGET_NAME)";
				SWIFT_VERSION = 5.0;
				TARGETED_DEVICE_FAMILY = "1,2";
			};
			name = Release;
		};
/* End XCBuildConfiguration section */

/* Begin XCConfigurationList section */
		FBB5816B245C679900696A5F /* Build configuration list for PBXProject "Parkovaci_domy_SwiftUI" */ = {
			isa = XCConfigurationList;
			buildConfigurations = (
				FBB58185245C679B00696A5F /* Debug */,
				FBB58186245C679B00696A5F /* Release */,
			);
			defaultConfigurationIsVisible = 0;
			defaultConfigurationName = Release;
		};
		FBB58187245C679B00696A5F /* Build configuration list for PBXNativeTarget "Parkovaci_domy_SwiftUI" */ = {
			isa = XCConfigurationList;
			buildConfigurations = (
				FBB58188245C679B00696A5F /* Debug */,
				FBB58189245C679B00696A5F /* Release */,
			);
			defaultConfigurationIsVisible = 0;
			defaultConfigurationName = Release;
		};
/* End XCConfigurationList section */

/* Begin XCRemoteSwiftPackageReference section */
		FB12B4A7245C6A3E00B45ABF /* XCRemoteSwiftPackageReference "SwiftSoup" */ = {
			isa = XCRemoteSwiftPackageReference;
			repositoryURL = "https://github.com/scinfu/SwiftSoup.git";
			requirement = {
				kind = upToNextMajorVersion;
				minimumVersion = 2.3.2;
			};
		};
/* End XCRemoteSwiftPackageReference section */

/* Begin XCSwiftPackageProductDependency section */
		FB12B4A8245C6A3E00B45ABF /* SwiftSoup */ = {
			isa = XCSwiftPackageProductDependency;
			package = FB12B4A7245C6A3E00B45ABF /* XCRemoteSwiftPackageReference "SwiftSoup" */;
			productName = SwiftSoup;
		};
/* End XCSwiftPackageProductDependency section */

/* Begin XCVersionGroup section */
		FBB58177245C679900696A5F /* Parkovaci_domy_SwiftUI.xcdatamodeld */ = {
			isa = XCVersionGroup;
			children = (
				FBB58178245C679900696A5F /* Parkovaci_domy_SwiftUI.xcdatamodel */,
			);
			currentVersion = FBB58178245C679900696A5F /* Parkovaci_domy_SwiftUI.xcdatamodel */;
			path = Parkovaci_domy_SwiftUI.xcdatamodeld;
			sourceTree = "<group>";
			versionGroupType = wrapper.xcdatamodel;
		};
/* End XCVersionGroup section */
	};
	rootObject = FBB58168245C679900696A5F /* Project object */;
}
